Microsoft Visual Studio Solution File, Format Version 12.00
# Visual Studio 16
Project("{8BC9CEB8-8B4A-11D0-8D11-00A0C91BC942}") = "ALL_BUILD", "ALL_BUILD.vcxproj", "{D9C118B4-AC4F-3323-BD49-734392CBF251}"
	ProjectSection(ProjectDependencies) = postProject
		{90682082-26D9-316C-900A-D90A05ABCE39} = {90682082-26D9-316C-900A-D90A05ABCE39}
		{6F57E78A-AD64-3664-BC2D-A83D3092672A} = {6F57E78A-AD64-3664-BC2D-A83D3092672A}
		{5FD3561B-AE87-3ADC-A897-D457EDF63B09} = {5FD3561B-AE87-3ADC-A897-D457EDF63B09}
		{ED490BD3-8E28-3CE6-8D69-3FEAF7098BEF} = {ED490BD3-8E28-3CE6-8D69-3FEAF7098BEF}
		{478C08CB-9BA7-37D5-88DD-45F24223775E} = {478C08CB-9BA7-37D5-88DD-45F24223775E}
		{57C7D337-4C7A-3FF4-ADC9-3A3F73B1256C} = {57C7D337-4C7A-3FF4-ADC9-3A3F73B1256C}
		{01E5FF96-8AE7-329A-9094-18D818025A27} = {01E5FF96-8AE7-329A-9094-18D818025A27}
		{90092E92-3A3A-3B12-81AB-1BFCB2904189} = {90092E92-3A3A-3B12-81AB-1BFCB2904189}
		{DECF7FFD-1ADC-32BD-9348-6EA38B63B2A8} = {DECF7FFD-1ADC-32BD-9348-6EA38B63B2A8}
		{80DA6FDE-8287-34D6-8590-100BCC44E02E} = {80DA6FDE-8287-34D6-8590-100BCC44E02E}
		{9F9A4562-B5B4-3243-B7AC-3AADBA8ADC3E} = {9F9A4562-B5B4-3243-B7AC-3AADBA8ADC3E}
		{33EFF764-6E9E-39A4-A6EF-3117A106748F} = {33EFF764-6E9E-39A4-A6EF-3117A106748F}
		{E5C0C378-8710-390D-A9E5-E771037E2153} = {E5C0C378-8710-390D-A9E5-E771037E2153}
		{7F8D9C99-5804-3E86-B19C-3E96CE0DD598} = {7F8D9C99-5804-3E86-B19C-3E96CE0DD598}
		{1912DF09-2B79-3AFC-9CE8-E821ED89E479} = {1912DF09-2B79-3AFC-9CE8-E821ED89E479}
		{87287D8C-4BAD-31E1-B740-571C53FC531C} = {87287D8C-4BAD-31E1-B740-571C53FC531C}
		{57C96B59-7C7C-3A73-B9DB-D9529F13201B} = {57C96B59-7C7C-3A73-B9DB-D9529F13201B}
		{E40D86CF-ED5C-3D0A-8F01-C688B24597FD} = {E40D86CF-ED5C-3D0A-8F01-C688B24597FD}
		{E5DAF8EA-95C7-3E5F-B4CB-CBADD431E738} = {E5DAF8EA-95C7-3E5F-B4CB-CBADD431E738}
		{A060AAE5-A743-3F64-8F04-DBB0A59D9D63} = {A060AAE5-A743-3F64-8F04-DBB0A59D9D63}
		{373927BD-7AB8-3A7F-8FFE-1136CBA7FDEF} = {373927BD-7AB8-3A7F-8FFE-1136CBA7FDEF}
		{5041DC36-CF7B-30E7-907D-673F6D776BAE} = {5041DC36-CF7B-30E7-907D-673F6D776BAE}
	EndProjectSection
EndProject
Project("{8BC9CEB8-8B4A-11D0-8D11-00A0C91BC942}") = "INSTALL", "INSTALL.vcxproj", "{B8ACBC79-6603-38AF-A33F-6E76B2709711}"
	ProjectSection(ProjectDependencies) = postProject
		{D9C118B4-AC4F-3323-BD49-734392CBF251} = {D9C118B4-AC4F-3323-BD49-734392CBF251}
		{90682082-26D9-316C-900A-D90A05ABCE39} = {90682082-26D9-316C-900A-D90A05ABCE39}
	EndProjectSection
EndProject
Project("{8BC9CEB8-8B4A-11D0-8D11-00A0C91BC942}") = "PACKAGE", "PACKAGE.vcxproj", "{0FA0DDA5-7EDB-3604-A933-81693770A5B0}"
	ProjectSection(ProjectDependencies) = postProject
		{D9C118B4-AC4F-3323-BD49-734392CBF251} = {D9C118B4-AC4F-3323-BD49-734392CBF251}
		{90682082-26D9-316C-900A-D90A05ABCE39} = {90682082-26D9-316C-900A-D90A05ABCE39}
	EndProjectSection
EndProject
Project("{8BC9CEB8-8B4A-11D0-8D11-00A0C91BC942}") = "RUN_TESTS", "RUN_TESTS.vcxproj", "{0ACC7ACD-C99D-30E9-BF4F-9F06808A80A0}"
	ProjectSection(ProjectDependencies) = postProject
		{90682082-26D9-316C-900A-D90A05ABCE39} = {90682082-26D9-316C-900A-D90A05ABCE39}
	EndProjectSection
EndProject
Project("{8BC9CEB8-8B4A-11D0-8D11-00A0C91BC942}") = "ZERO_CHECK", "ZERO_CHECK.vcxproj", "{90682082-26D9-316C-900A-D90A05ABCE39}"
	ProjectSection(ProjectDependencies) = postProject
	EndProjectSection
EndProject
Project("{8BC9CEB8-8B4A-11D0-8D11-00A0C91BC942}") = "assert-test", "test\assert-test.vcxproj", "{6F57E78A-AD64-3664-BC2D-A83D3092672A}"
	ProjectSection(ProjectDependencies) = postProject
		{90682082-26D9-316C-900A-D90A05ABCE39} = {90682082-26D9-316C-900A-D90A05ABCE39}
		{90092E92-3A3A-3B12-81AB-1BFCB2904189} = {90092E92-3A3A-3B12-81AB-1BFCB2904189}
		{9F9A4562-B5B4-3243-B7AC-3AADBA8ADC3E} = {9F9A4562-B5B4-3243-B7AC-3AADBA8ADC3E}
		{5041DC36-CF7B-30E7-907D-673F6D776BAE} = {5041DC36-CF7B-30E7-907D-673F6D776BAE}
	EndProjectSection
EndProject
Project("{8BC9CEB8-8B4A-11D0-8D11-00A0C91BC942}") = "chrono-test", "test\chrono-test.vcxproj", "{5FD3561B-AE87-3ADC-A897-D457EDF63B09}"
	ProjectSection(ProjectDependencies) = postProject
		{90682082-26D9-316C-900A-D90A05ABCE39} = {90682082-26D9-316C-900A-D90A05ABCE39}
		{90092E92-3A3A-3B12-81AB-1BFCB2904189} = {90092E92-3A3A-3B12-81AB-1BFCB2904189}
		{9F9A4562-B5B4-3243-B7AC-3AADBA8ADC3E} = {9F9A4562-B5B4-3243-B7AC-3AADBA8ADC3E}
		{5041DC36-CF7B-30E7-907D-673F6D776BAE} = {5041DC36-CF7B-30E7-907D-673F6D776BAE}
	EndProjectSection
EndProject
Project("{8BC9CEB8-8B4A-11D0-8D11-00A0C91BC942}") = "color-test", "test\color-test.vcxproj", "{ED490BD3-8E28-3CE6-8D69-3FEAF7098BEF}"
	ProjectSection(ProjectDependencies) = postProject
		{90682082-26D9-316C-900A-D90A05ABCE39} = {90682082-26D9-316C-900A-D90A05ABCE39}
		{90092E92-3A3A-3B12-81AB-1BFCB2904189} = {90092E92-3A3A-3B12-81AB-1BFCB2904189}
		{9F9A4562-B5B4-3243-B7AC-3AADBA8ADC3E} = {9F9A4562-B5B4-3243-B7AC-3AADBA8ADC3E}
		{5041DC36-CF7B-30E7-907D-673F6D776BAE} = {5041DC36-CF7B-30E7-907D-673F6D776BAE}
	EndProjectSection
EndProject
Project("{8BC9CEB8-8B4A-11D0-8D11-00A0C91BC942}") = "compile-test", "test\compile-test.vcxproj", "{478C08CB-9BA7-37D5-88DD-45F24223775E}"
	ProjectSection(ProjectDependencies) = postProject
		{90682082-26D9-316C-900A-D90A05ABCE39} = {90682082-26D9-316C-900A-D90A05ABCE39}
		{90092E92-3A3A-3B12-81AB-1BFCB2904189} = {90092E92-3A3A-3B12-81AB-1BFCB2904189}
		{9F9A4562-B5B4-3243-B7AC-3AADBA8ADC3E} = {9F9A4562-B5B4-3243-B7AC-3AADBA8ADC3E}
		{5041DC36-CF7B-30E7-907D-673F6D776BAE} = {5041DC36-CF7B-30E7-907D-673F6D776BAE}
	EndProjectSection
EndProject
Project("{8BC9CEB8-8B4A-11D0-8D11-00A0C91BC942}") = "core-test", "test\core-test.vcxproj", "{57C7D337-4C7A-3FF4-ADC9-3A3F73B1256C}"
	ProjectSection(ProjectDependencies) = postProject
		{90682082-26D9-316C-900A-D90A05ABCE39} = {90682082-26D9-316C-900A-D90A05ABCE39}
		{90092E92-3A3A-3B12-81AB-1BFCB2904189} = {90092E92-3A3A-3B12-81AB-1BFCB2904189}
		{9F9A4562-B5B4-3243-B7AC-3AADBA8ADC3E} = {9F9A4562-B5B4-3243-B7AC-3AADBA8ADC3E}
		{5041DC36-CF7B-30E7-907D-673F6D776BAE} = {5041DC36-CF7B-30E7-907D-673F6D776BAE}
	EndProjectSection
EndProject
Project("{8BC9CEB8-8B4A-11D0-8D11-00A0C91BC942}") = "custom-formatter-test", "test\custom-formatter-test.vcxproj", "{01E5FF96-8AE7-329A-9094-18D818025A27}"
	ProjectSection(ProjectDependencies) = postProject
		{90682082-26D9-316C-900A-D90A05ABCE39} = {90682082-26D9-316C-900A-D90A05ABCE39}
		{90092E92-3A3A-3B12-81AB-1BFCB2904189} = {90092E92-3A3A-3B12-81AB-1BFCB2904189}
		{9F9A4562-B5B4-3243-B7AC-3AADBA8ADC3E} = {9F9A4562-B5B4-3243-B7AC-3AADBA8ADC3E}
		{5041DC36-CF7B-30E7-907D-673F6D776BAE} = {5041DC36-CF7B-30E7-907D-673F6D776BAE}
	EndProjectSection
EndProject
Project("{8BC9CEB8-8B4A-11D0-8D11-00A0C91BC942}") = "fmt", "fmt.vcxproj", "{90092E92-3A3A-3B12-81AB-1BFCB2904189}"
	ProjectSection(ProjectDependencies) = postProject
		{90682082-26D9-316C-900A-D90A05ABCE39} = {90682082-26D9-316C-900A-D90A05ABCE39}
	EndProjectSection
EndProject
Project("{8BC9CEB8-8B4A-11D0-8D11-00A0C91BC942}") = "format-impl-test", "test\format-impl-test.vcxproj", "{DECF7FFD-1ADC-32BD-9348-6EA38B63B2A8}"
	ProjectSection(ProjectDependencies) = postProject
		{90682082-26D9-316C-900A-D90A05ABCE39} = {90682082-26D9-316C-900A-D90A05ABCE39}
		{90092E92-3A3A-3B12-81AB-1BFCB2904189} = {90092E92-3A3A-3B12-81AB-1BFCB2904189}
		{9F9A4562-B5B4-3243-B7AC-3AADBA8ADC3E} = {9F9A4562-B5B4-3243-B7AC-3AADBA8ADC3E}
		{5041DC36-CF7B-30E7-907D-673F6D776BAE} = {5041DC36-CF7B-30E7-907D-673F6D776BAE}
	EndProjectSection
EndProject
Project("{8BC9CEB8-8B4A-11D0-8D11-00A0C91BC942}") = "format-test", "test\format-test.vcxproj", "{80DA6FDE-8287-34D6-8590-100BCC44E02E}"
	ProjectSection(ProjectDependencies) = postProject
		{90682082-26D9-316C-900A-D90A05ABCE39} = {90682082-26D9-316C-900A-D90A05ABCE39}
		{90092E92-3A3A-3B12-81AB-1BFCB2904189} = {90092E92-3A3A-3B12-81AB-1BFCB2904189}
		{9F9A4562-B5B4-3243-B7AC-3AADBA8ADC3E} = {9F9A4562-B5B4-3243-B7AC-3AADBA8ADC3E}
		{5041DC36-CF7B-30E7-907D-673F6D776BAE} = {5041DC36-CF7B-30E7-907D-673F6D776BAE}
	EndProjectSection
EndProject
Project("{8BC9CEB8-8B4A-11D0-8D11-00A0C91BC942}") = "gmock", "test\gmock.vcxproj", "{9F9A4562-B5B4-3243-B7AC-3AADBA8ADC3E}"
	ProjectSection(ProjectDependencies) = postProject
		{90682082-26D9-316C-900A-D90A05ABCE39} = {90682082-26D9-316C-900A-D90A05ABCE39}
	EndProjectSection
EndProject
Project("{8BC9CEB8-8B4A-11D0-8D11-00A0C91BC942}") = "grisu-test", "test\grisu-test.vcxproj", "{33EFF764-6E9E-39A4-A6EF-3117A106748F}"
	ProjectSection(ProjectDependencies) = postProject
		{90682082-26D9-316C-900A-D90A05ABCE39} = {90682082-26D9-316C-900A-D90A05ABCE39}
		{90092E92-3A3A-3B12-81AB-1BFCB2904189} = {90092E92-3A3A-3B12-81AB-1BFCB2904189}
		{9F9A4562-B5B4-3243-B7AC-3AADBA8ADC3E} = {9F9A4562-B5B4-3243-B7AC-3AADBA8ADC3E}
		{5041DC36-CF7B-30E7-907D-673F6D776BAE} = {5041DC36-CF7B-30E7-907D-673F6D776BAE}
	EndProjectSection
EndProject
Project("{8BC9CEB8-8B4A-11D0-8D11-00A0C91BC942}") = "gtest-extra-test", "test\gtest-extra-test.vcxproj", "{E5C0C378-8710-390D-A9E5-E771037E2153}"
	ProjectSection(ProjectDependencies) = postProject
		{90682082-26D9-316C-900A-D90A05ABCE39} = {90682082-26D9-316C-900A-D90A05ABCE39}
		{90092E92-3A3A-3B12-81AB-1BFCB2904189} = {90092E92-3A3A-3B12-81AB-1BFCB2904189}
		{9F9A4562-B5B4-3243-B7AC-3AADBA8ADC3E} = {9F9A4562-B5B4-3243-B7AC-3AADBA8ADC3E}
		{5041DC36-CF7B-30E7-907D-673F6D776BAE} = {5041DC36-CF7B-30E7-907D-673F6D776BAE}
	EndProjectSection
EndProject
Project("{8BC9CEB8-8B4A-11D0-8D11-00A0C91BC942}") = "header-only-test", "test\header-only-test.vcxproj", "{7F8D9C99-5804-3E86-B19C-3E96CE0DD598}"
	ProjectSection(ProjectDependencies) = postProject
		{90682082-26D9-316C-900A-D90A05ABCE39} = {90682082-26D9-316C-900A-D90A05ABCE39}
		{9F9A4562-B5B4-3243-B7AC-3AADBA8ADC3E} = {9F9A4562-B5B4-3243-B7AC-3AADBA8ADC3E}
	EndProjectSection
EndProject
Project("{8BC9CEB8-8B4A-11D0-8D11-00A0C91BC942}") = "locale-test", "test\locale-test.vcxproj", "{1912DF09-2B79-3AFC-9CE8-E821ED89E479}"
	ProjectSection(ProjectDependencies) = postProject
		{90682082-26D9-316C-900A-D90A05ABCE39} = {90682082-26D9-316C-900A-D90A05ABCE39}
		{90092E92-3A3A-3B12-81AB-1BFCB2904189} = {90092E92-3A3A-3B12-81AB-1BFCB2904189}
		{9F9A4562-B5B4-3243-B7AC-3AADBA8ADC3E} = {9F9A4562-B5B4-3243-B7AC-3AADBA8ADC3E}
		{5041DC36-CF7B-30E7-907D-673F6D776BAE} = {5041DC36-CF7B-30E7-907D-673F6D776BAE}
	EndProjectSection
EndProject
Project("{8BC9CEB8-8B4A-11D0-8D11-00A0C91BC942}") = "os-test", "test\os-test.vcxproj", "{87287D8C-4BAD-31E1-B740-571C53FC531C}"
	ProjectSection(ProjectDependencies) = postProject
		{90682082-26D9-316C-900A-D90A05ABCE39} = {90682082-26D9-316C-900A-D90A05ABCE39}
		{90092E92-3A3A-3B12-81AB-1BFCB2904189} = {90092E92-3A3A-3B12-81AB-1BFCB2904189}
		{9F9A4562-B5B4-3243-B7AC-3AADBA8ADC3E} = {9F9A4562-B5B4-3243-B7AC-3AADBA8ADC3E}
		{5041DC36-CF7B-30E7-907D-673F6D776BAE} = {5041DC36-CF7B-30E7-907D-673F6D776BAE}
	EndProjectSection
EndProject
Project("{8BC9CEB8-8B4A-11D0-8D11-00A0C91BC942}") = "ostream-test", "test\ostream-test.vcxproj", "{57C96B59-7C7C-3A73-B9DB-D9529F13201B}"
	ProjectSection(ProjectDependencies) = postProject
		{90682082-26D9-316C-900A-D90A05ABCE39} = {90682082-26D9-316C-900A-D90A05ABCE39}
		{90092E92-3A3A-3B12-81AB-1BFCB2904189} = {90092E92-3A3A-3B12-81AB-1BFCB2904189}
		{9F9A4562-B5B4-3243-B7AC-3AADBA8ADC3E} = {9F9A4562-B5B4-3243-B7AC-3AADBA8ADC3E}
		{5041DC36-CF7B-30E7-907D-673F6D776BAE} = {5041DC36-CF7B-30E7-907D-673F6D776BAE}
	EndProjectSection
EndProject
Project("{8BC9CEB8-8B4A-11D0-8D11-00A0C91BC942}") = "posix-mock-test", "test\posix-mock-test.vcxproj", "{E40D86CF-ED5C-3D0A-8F01-C688B24597FD}"
	ProjectSection(ProjectDependencies) = postProject
		{90682082-26D9-316C-900A-D90A05ABCE39} = {90682082-26D9-316C-900A-D90A05ABCE39}
		{9F9A4562-B5B4-3243-B7AC-3AADBA8ADC3E} = {9F9A4562-B5B4-3243-B7AC-3AADBA8ADC3E}
	EndProjectSection
EndProject
Project("{8BC9CEB8-8B4A-11D0-8D11-00A0C91BC942}") = "printf-test", "test\printf-test.vcxproj", "{E5DAF8EA-95C7-3E5F-B4CB-CBADD431E738}"
	ProjectSection(ProjectDependencies) = postProject
		{90682082-26D9-316C-900A-D90A05ABCE39} = {90682082-26D9-316C-900A-D90A05ABCE39}
		{90092E92-3A3A-3B12-81AB-1BFCB2904189} = {90092E92-3A3A-3B12-81AB-1BFCB2904189}
		{9F9A4562-B5B4-3243-B7AC-3AADBA8ADC3E} = {9F9A4562-B5B4-3243-B7AC-3AADBA8ADC3E}
		{5041DC36-CF7B-30E7-907D-673F6D776BAE} = {5041DC36-CF7B-30E7-907D-673F6D776BAE}
	EndProjectSection
EndProject
Project("{8BC9CEB8-8B4A-11D0-8D11-00A0C91BC942}") = "ranges-test", "test\ranges-test.vcxproj", "{A060AAE5-A743-3F64-8F04-DBB0A59D9D63}"
	ProjectSection(ProjectDependencies) = postProject
		{90682082-26D9-316C-900A-D90A05ABCE39} = {90682082-26D9-316C-900A-D90A05ABCE39}
		{90092E92-3A3A-3B12-81AB-1BFCB2904189} = {90092E92-3A3A-3B12-81AB-1BFCB2904189}
		{9F9A4562-B5B4-3243-B7AC-3AADBA8ADC3E} = {9F9A4562-B5B4-3243-B7AC-3AADBA8ADC3E}
		{5041DC36-CF7B-30E7-907D-673F6D776BAE} = {5041DC36-CF7B-30E7-907D-673F6D776BAE}
	EndProjectSection
EndProject
Project("{8BC9CEB8-8B4A-11D0-8D11-00A0C91BC942}") = "scan-test", "test\scan-test.vcxproj", "{373927BD-7AB8-3A7F-8FFE-1136CBA7FDEF}"
	ProjectSection(ProjectDependencies) = postProject
		{90682082-26D9-316C-900A-D90A05ABCE39} = {90682082-26D9-316C-900A-D90A05ABCE39}
		{90092E92-3A3A-3B12-81AB-1BFCB2904189} = {90092E92-3A3A-3B12-81AB-1BFCB2904189}
		{9F9A4562-B5B4-3243-B7AC-3AADBA8ADC3E} = {9F9A4562-B5B4-3243-B7AC-3AADBA8ADC3E}
		{5041DC36-CF7B-30E7-907D-673F6D776BAE} = {5041DC36-CF7B-30E7-907D-673F6D776BAE}
	EndProjectSection
EndProject
Project("{8BC9CEB8-8B4A-11D0-8D11-00A0C91BC942}") = "test-main", "test\test-main.vcxproj", "{5041DC36-CF7B-30E7-907D-673F6D776BAE}"
	ProjectSection(ProjectDependencies) = postProject
		{90682082-26D9-316C-900A-D90A05ABCE39} = {90682082-26D9-316C-900A-D90A05ABCE39}
		{90092E92-3A3A-3B12-81AB-1BFCB2904189} = {90092E92-3A3A-3B12-81AB-1BFCB2904189}
		{9F9A4562-B5B4-3243-B7AC-3AADBA8ADC3E} = {9F9A4562-B5B4-3243-B7AC-3AADBA8ADC3E}
	EndProjectSection
EndProject
Global
	GlobalSection(SolutionConfigurationPlatforms) = preSolution
		Debug|x64 = Debug|x64
		Release|x64 = Release|x64
		MinSizeRel|x64 = MinSizeRel|x64
		RelWithDebInfo|x64 = RelWithDebInfo|x64
	EndGlobalSection
	GlobalSection(ProjectConfigurationPlatforms) = postSolution
		{D9C118B4-AC4F-3323-BD49-734392CBF251}.Debug|x64.ActiveCfg = Debug|x64
		{D9C118B4-AC4F-3323-BD49-734392CBF251}.Debug|x64.Build.0 = Debug|x64
		{D9C118B4-AC4F-3323-BD49-734392CBF251}.Release|x64.ActiveCfg = Release|x64
		{D9C118B4-AC4F-3323-BD49-734392CBF251}.Release|x64.Build.0 = Release|x64
		{D9C118B4-AC4F-3323-BD49-734392CBF251}.MinSizeRel|x64.ActiveCfg = MinSizeRel|x64
		{D9C118B4-AC4F-3323-BD49-734392CBF251}.MinSizeRel|x64.Build.0 = MinSizeRel|x64
		{D9C118B4-AC4F-3323-BD49-734392CBF251}.RelWithDebInfo|x64.ActiveCfg = RelWithDebInfo|x64
		{D9C118B4-AC4F-3323-BD49-734392CBF251}.RelWithDebInfo|x64.Build.0 = RelWithDebInfo|x64
		{B8ACBC79-6603-38AF-A33F-6E76B2709711}.Debug|x64.ActiveCfg = Debug|x64
		{B8ACBC79-6603-38AF-A33F-6E76B2709711}.Release|x64.ActiveCfg = Release|x64
		{B8ACBC79-6603-38AF-A33F-6E76B2709711}.MinSizeRel|x64.ActiveCfg = MinSizeRel|x64
		{B8ACBC79-6603-38AF-A33F-6E76B2709711}.RelWithDebInfo|x64.ActiveCfg = RelWithDebInfo|x64
		{0FA0DDA5-7EDB-3604-A933-81693770A5B0}.Debug|x64.ActiveCfg = Debug|x64
		{0FA0DDA5-7EDB-3604-A933-81693770A5B0}.Release|x64.ActiveCfg = Release|x64
		{0FA0DDA5-7EDB-3604-A933-81693770A5B0}.MinSizeRel|x64.ActiveCfg = MinSizeRel|x64
		{0FA0DDA5-7EDB-3604-A933-81693770A5B0}.RelWithDebInfo|x64.ActiveCfg = RelWithDebInfo|x64
		{0ACC7ACD-C99D-30E9-BF4F-9F06808A80A0}.Debug|x64.ActiveCfg = Debug|x64
		{0ACC7ACD-C99D-30E9-BF4F-9F06808A80A0}.Release|x64.ActiveCfg = Release|x64
		{0ACC7ACD-C99D-30E9-BF4F-9F06808A80A0}.MinSizeRel|x64.ActiveCfg = MinSizeRel|x64
		{0ACC7ACD-C99D-30E9-BF4F-9F06808A80A0}.RelWithDebInfo|x64.ActiveCfg = RelWithDebInfo|x64
		{90682082-26D9-316C-900A-D90A05ABCE39}.Debug|x64.ActiveCfg = Debug|x64
		{90682082-26D9-316C-900A-D90A05ABCE39}.Debug|x64.Build.0 = Debug|x64
		{90682082-26D9-316C-900A-D90A05ABCE39}.Release|x64.ActiveCfg = Release|x64
		{90682082-26D9-316C-900A-D90A05ABCE39}.Release|x64.Build.0 = Release|x64
		{90682082-26D9-316C-900A-D90A05ABCE39}.MinSizeRel|x64.ActiveCfg = MinSizeRel|x64
		{90682082-26D9-316C-900A-D90A05ABCE39}.MinSizeRel|x64.Build.0 = MinSizeRel|x64
		{90682082-26D9-316C-900A-D90A05ABCE39}.RelWithDebInfo|x64.ActiveCfg = RelWithDebInfo|x64
		{90682082-26D9-316C-900A-D90A05ABCE39}.RelWithDebInfo|x64.Build.0 = RelWithDebInfo|x64
		{6F57E78A-AD64-3664-BC2D-A83D3092672A}.Debug|x64.ActiveCfg = Debug|x64
		{6F57E78A-AD64-3664-BC2D-A83D3092672A}.Debug|x64.Build.0 = Debug|x64
		{6F57E78A-AD64-3664-BC2D-A83D3092672A}.Release|x64.ActiveCfg = Release|x64
		{6F57E78A-AD64-3664-BC2D-A83D3092672A}.Release|x64.Build.0 = Release|x64
		{6F57E78A-AD64-3664-BC2D-A83D3092672A}.MinSizeRel|x64.ActiveCfg = MinSizeRel|x64
		{6F57E78A-AD64-3664-BC2D-A83D3092672A}.MinSizeRel|x64.Build.0 = MinSizeRel|x64
		{6F57E78A-AD64-3664-BC2D-A83D3092672A}.RelWithDebInfo|x64.ActiveCfg = RelWithDebInfo|x64
		{6F57E78A-AD64-3664-BC2D-A83D3092672A}.RelWithDebInfo|x64.Build.0 = RelWithDebInfo|x64
		{5FD3561B-AE87-3ADC-A897-D457EDF63B09}.Debug|x64.ActiveCfg = Debug|x64
		{5FD3561B-AE87-3ADC-A897-D457EDF63B09}.Debug|x64.Build.0 = Debug|x64
		{5FD3561B-AE87-3ADC-A897-D457EDF63B09}.Release|x64.ActiveCfg = Release|x64
		{5FD3561B-AE87-3ADC-A897-D457EDF63B09}.Release|x64.Build.0 = Release|x64
		{5FD3561B-AE87-3ADC-A897-D457EDF63B09}.MinSizeRel|x64.ActiveCfg = MinSizeRel|x64
		{5FD3561B-AE87-3ADC-A897-D457EDF63B09}.MinSizeRel|x64.Build.0 = MinSizeRel|x64
		{5FD3561B-AE87-3ADC-A897-D457EDF63B09}.RelWithDebInfo|x64.ActiveCfg = RelWithDebInfo|x64
		{5FD3561B-AE87-3ADC-A897-D457EDF63B09}.RelWithDebInfo|x64.Build.0 = RelWithDebInfo|x64
		{ED490BD3-8E28-3CE6-8D69-3FEAF7098BEF}.Debug|x64.ActiveCfg = Debug|x64
		{ED490BD3-8E28-3CE6-8D69-3FEAF7098BEF}.Debug|x64.Build.0 = Debug|x64
		{ED490BD3-8E28-3CE6-8D69-3FEAF7098BEF}.Release|x64.ActiveCfg = Release|x64
		{ED490BD3-8E28-3CE6-8D69-3FEAF7098BEF}.Release|x64.Build.0 = Release|x64
		{ED490BD3-8E28-3CE6-8D69-3FEAF7098BEF}.MinSizeRel|x64.ActiveCfg = MinSizeRel|x64
		{ED490BD3-8E28-3CE6-8D69-3FEAF7098BEF}.MinSizeRel|x64.Build.0 = MinSizeRel|x64
		{ED490BD3-8E28-3CE6-8D69-3FEAF7098BEF}.RelWithDebInfo|x64.ActiveCfg = RelWithDebInfo|x64
		{ED490BD3-8E28-3CE6-8D69-3FEAF7098BEF}.RelWithDebInfo|x64.Build.0 = RelWithDebInfo|x64
		{478C08CB-9BA7-37D5-88DD-45F24223775E}.Debug|x64.ActiveCfg = Debug|x64
		{478C08CB-9BA7-37D5-88DD-45F24223775E}.Debug|x64.Build.0 = Debug|x64
		{478C08CB-9BA7-37D5-88DD-45F24223775E}.Release|x64.ActiveCfg = Release|x64
		{478C08CB-9BA7-37D5-88DD-45F24223775E}.Release|x64.Build.0 = Release|x64
		{478C08CB-9BA7-37D5-88DD-45F24223775E}.MinSizeRel|x64.ActiveCfg = MinSizeRel|x64
		{478C08CB-9BA7-37D5-88DD-45F24223775E}.MinSizeRel|x64.Build.0 = MinSizeRel|x64
		{478C08CB-9BA7-37D5-88DD-45F24223775E}.RelWithDebInfo|x64.ActiveCfg = RelWithDebInfo|x64
		{478C08CB-9BA7-37D5-88DD-45F24223775E}.RelWithDebInfo|x64.Build.0 = RelWithDebInfo|x64
		{57C7D337-4C7A-3FF4-ADC9-3A3F73B1256C}.Debug|x64.ActiveCfg = Debug|x64
		{57C7D337-4C7A-3FF4-ADC9-3A3F73B1256C}.Debug|x64.Build.0 = Debug|x64
		{57C7D337-4C7A-3FF4-ADC9-3A3F73B1256C}.Release|x64.ActiveCfg = Release|x64
		{57C7D337-4C7A-3FF4-ADC9-3A3F73B1256C}.Release|x64.Build.0 = Release|x64
		{57C7D337-4C7A-3FF4-ADC9-3A3F73B1256C}.MinSizeRel|x64.ActiveCfg = MinSizeRel|x64
		{57C7D337-4C7A-3FF4-ADC9-3A3F73B1256C}.MinSizeRel|x64.Build.0 = MinSizeRel|x64
		{57C7D337-4C7A-3FF4-ADC9-3A3F73B1256C}.RelWithDebInfo|x64.ActiveCfg = RelWithDebInfo|x64
		{57C7D337-4C7A-3FF4-ADC9-3A3F73B1256C}.RelWithDebInfo|x64.Build.0 = RelWithDebInfo|x64
		{01E5FF96-8AE7-329A-9094-18D818025A27}.Debug|x64.ActiveCfg = Debug|x64
		{01E5FF96-8AE7-329A-9094-18D818025A27}.Debug|x64.Build.0 = Debug|x64
		{01E5FF96-8AE7-329A-9094-18D818025A27}.Release|x64.ActiveCfg = Release|x64
		{01E5FF96-8AE7-329A-9094-18D818025A27}.Release|x64.Build.0 = Release|x64
		{01E5FF96-8AE7-329A-9094-18D818025A27}.MinSizeRel|x64.ActiveCfg = MinSizeRel|x64
		{01E5FF96-8AE7-329A-9094-18D818025A27}.MinSizeRel|x64.Build.0 = MinSizeRel|x64
		{01E5FF96-8AE7-329A-9094-18D818025A27}.RelWithDebInfo|x64.ActiveCfg = RelWithDebInfo|x64
		{01E5FF96-8AE7-329A-9094-18D818025A27}.RelWithDebInfo|x64.Build.0 = RelWithDebInfo|x64
		{90092E92-3A3A-3B12-81AB-1BFCB2904189}.Debug|x64.ActiveCfg = Debug|x64
		{90092E92-3A3A-3B12-81AB-1BFCB2904189}.Debug|x64.Build.0 = Debug|x64
		{90092E92-3A3A-3B12-81AB-1BFCB2904189}.Release|x64.ActiveCfg = Release|x64
		{90092E92-3A3A-3B12-81AB-1BFCB2904189}.Release|x64.Build.0 = Release|x64
		{90092E92-3A3A-3B12-81AB-1BFCB2904189}.MinSizeRel|x64.ActiveCfg = MinSizeRel|x64
		{90092E92-3A3A-3B12-81AB-1BFCB2904189}.MinSizeRel|x64.Build.0 = MinSizeRel|x64
		{90092E92-3A3A-3B12-81AB-1BFCB2904189}.RelWithDebInfo|x64.ActiveCfg = RelWithDebInfo|x64
		{90092E92-3A3A-3B12-81AB-1BFCB2904189}.RelWithDebInfo|x64.Build.0 = RelWithDebInfo|x64
		{DECF7FFD-1ADC-32BD-9348-6EA38B63B2A8}.Debug|x64.ActiveCfg = Debug|x64
		{DECF7FFD-1ADC-32BD-9348-6EA38B63B2A8}.Debug|x64.Build.0 = Debug|x64
		{DECF7FFD-1ADC-32BD-9348-6EA38B63B2A8}.Release|x64.ActiveCfg = Release|x64
		{DECF7FFD-1ADC-32BD-9348-6EA38B63B2A8}.Release|x64.Build.0 = Release|x64
		{DECF7FFD-1ADC-32BD-9348-6EA38B63B2A8}.MinSizeRel|x64.ActiveCfg = MinSizeRel|x64
		{DECF7FFD-1ADC-32BD-9348-6EA38B63B2A8}.MinSizeRel|x64.Build.0 = MinSizeRel|x64
		{DECF7FFD-1ADC-32BD-9348-6EA38B63B2A8}.RelWithDebInfo|x64.ActiveCfg = RelWithDebInfo|x64
		{DECF7FFD-1ADC-32BD-9348-6EA38B63B2A8}.RelWithDebInfo|x64.Build.0 = RelWithDebInfo|x64
		{80DA6FDE-8287-34D6-8590-100BCC44E02E}.Debug|x64.ActiveCfg = Debug|x64
		{80DA6FDE-8287-34D6-8590-100BCC44E02E}.Debug|x64.Build.0 = Debug|x64
		{80DA6FDE-8287-34D6-8590-100BCC44E02E}.Release|x64.ActiveCfg = Release|x64
		{80DA6FDE-8287-34D6-8590-100BCC44E02E}.Release|x64.Build.0 = Release|x64
		{80DA6FDE-8287-34D6-8590-100BCC44E02E}.MinSizeRel|x64.ActiveCfg = MinSizeRel|x64
		{80DA6FDE-8287-34D6-8590-100BCC44E02E}.MinSizeRel|x64.Build.0 = MinSizeRel|x64
		{80DA6FDE-8287-34D6-8590-100BCC44E02E}.RelWithDebInfo|x64.ActiveCfg = RelWithDebInfo|x64
		{80DA6FDE-8287-34D6-8590-100BCC44E02E}.RelWithDebInfo|x64.Build.0 = RelWithDebInfo|x64
		{9F9A4562-B5B4-3243-B7AC-3AADBA8ADC3E}.Debug|x64.ActiveCfg = Debug|x64
		{9F9A4562-B5B4-3243-B7AC-3AADBA8ADC3E}.Debug|x64.Build.0 = Debug|x64
		{9F9A4562-B5B4-3243-B7AC-3AADBA8ADC3E}.Release|x64.ActiveCfg = Release|x64
		{9F9A4562-B5B4-3243-B7AC-3AADBA8ADC3E}.Release|x64.Build.0 = Release|x64
		{9F9A4562-B5B4-3243-B7AC-3AADBA8ADC3E}.MinSizeRel|x64.ActiveCfg = MinSizeRel|x64
		{9F9A4562-B5B4-3243-B7AC-3AADBA8ADC3E}.MinSizeRel|x64.Build.0 = MinSizeRel|x64
		{9F9A4562-B5B4-3243-B7AC-3AADBA8ADC3E}.RelWithDebInfo|x64.ActiveCfg = RelWithDebInfo|x64
		{9F9A4562-B5B4-3243-B7AC-3AADBA8ADC3E}.RelWithDebInfo|x64.Build.0 = RelWithDebInfo|x64
		{33EFF764-6E9E-39A4-A6EF-3117A106748F}.Debug|x64.ActiveCfg = Debug|x64
		{33EFF764-6E9E-39A4-A6EF-3117A106748F}.Debug|x64.Build.0 = Debug|x64
		{33EFF764-6E9E-39A4-A6EF-3117A106748F}.Release|x64.ActiveCfg = Release|x64
		{33EFF764-6E9E-39A4-A6EF-3117A106748F}.Release|x64.Build.0 = Release|x64
		{33EFF764-6E9E-39A4-A6EF-3117A106748F}.MinSizeRel|x64.ActiveCfg = MinSizeRel|x64
		{33EFF764-6E9E-39A4-A6EF-3117A106748F}.MinSizeRel|x64.Build.0 = MinSizeRel|x64
		{33EFF764-6E9E-39A4-A6EF-3117A106748F}.RelWithDebInfo|x64.ActiveCfg = RelWithDebInfo|x64
		{33EFF764-6E9E-39A4-A6EF-3117A106748F}.RelWithDebInfo|x64.Build.0 = RelWithDebInfo|x64
		{E5C0C378-8710-390D-A9E5-E771037E2153}.Debug|x64.ActiveCfg = Debug|x64
		{E5C0C378-8710-390D-A9E5-E771037E2153}.Debug|x64.Build.0 = Debug|x64
		{E5C0C378-8710-390D-A9E5-E771037E2153}.Release|x64.ActiveCfg = Release|x64
		{E5C0C378-8710-390D-A9E5-E771037E2153}.Release|x64.Build.0 = Release|x64
		{E5C0C378-8710-390D-A9E5-E771037E2153}.MinSizeRel|x64.ActiveCfg = MinSizeRel|x64
		{E5C0C378-8710-390D-A9E5-E771037E2153}.MinSizeRel|x64.Build.0 = MinSizeRel|x64
		{E5C0C378-8710-390D-A9E5-E771037E2153}.RelWithDebInfo|x64.ActiveCfg = RelWithDebInfo|x64
		{E5C0C378-8710-390D-A9E5-E771037E2153}.RelWithDebInfo|x64.Build.0 = RelWithDebInfo|x64
		{7F8D9C99-5804-3E86-B19C-3E96CE0DD598}.Debug|x64.ActiveCfg = Debug|x64
		{7F8D9C99-5804-3E86-B19C-3E96CE0DD598}.Debug|x64.Build.0 = Debug|x64
		{7F8D9C99-5804-3E86-B19C-3E96CE0DD598}.Release|x64.ActiveCfg = Release|x64
		{7F8D9C99-5804-3E86-B19C-3E96CE0DD598}.Release|x64.Build.0 = Release|x64
		{7F8D9C99-5804-3E86-B19C-3E96CE0DD598}.MinSizeRel|x64.ActiveCfg = MinSizeRel|x64
		{7F8D9C99-5804-3E86-B19C-3E96CE0DD598}.MinSizeRel|x64.Build.0 = MinSizeRel|x64
		{7F8D9C99-5804-3E86-B19C-3E96CE0DD598}.RelWithDebInfo|x64.ActiveCfg = RelWithDebInfo|x64
		{7F8D9C99-5804-3E86-B19C-3E96CE0DD598}.RelWithDebInfo|x64.Build.0 = RelWithDebInfo|x64
		{1912DF09-2B79-3AFC-9CE8-E821ED89E479}.Debug|x64.ActiveCfg = Debug|x64
		{1912DF09-2B79-3AFC-9CE8-E821ED89E479}.Debug|x64.Build.0 = Debug|x64
		{1912DF09-2B79-3AFC-9CE8-E821ED89E479}.Release|x64.ActiveCfg = Release|x64
		{1912DF09-2B79-3AFC-9CE8-E821ED89E479}.Release|x64.Build.0 = Release|x64
		{1912DF09-2B79-3AFC-9CE8-E821ED89E479}.MinSizeRel|x64.ActiveCfg = MinSizeRel|x64
		{1912DF09-2B79-3AFC-9CE8-E821ED89E479}.MinSizeRel|x64.Build.0 = MinSizeRel|x64
		{1912DF09-2B79-3AFC-9CE8-E821ED89E479}.RelWithDebInfo|x64.ActiveCfg = RelWithDebInfo|x64
		{1912DF09-2B79-3AFC-9CE8-E821ED89E479}.RelWithDebInfo|x64.Build.0 = RelWithDebInfo|x64
		{87287D8C-4BAD-31E1-B740-571C53FC531C}.Debug|x64.ActiveCfg = Debug|x64
		{87287D8C-4BAD-31E1-B740-571C53FC531C}.Debug|x64.Build.0 = Debug|x64
		{87287D8C-4BAD-31E1-B740-571C53FC531C}.Release|x64.ActiveCfg = Release|x64
		{87287D8C-4BAD-31E1-B740-571C53FC531C}.Release|x64.Build.0 = Release|x64
		{87287D8C-4BAD-31E1-B740-571C53FC531C}.MinSizeRel|x64.ActiveCfg = MinSizeRel|x64
		{87287D8C-4BAD-31E1-B740-571C53FC531C}.MinSizeRel|x64.Build.0 = MinSizeRel|x64
		{87287D8C-4BAD-31E1-B740-571C53FC531C}.RelWithDebInfo|x64.ActiveCfg = RelWithDebInfo|x64
		{87287D8C-4BAD-31E1-B740-571C53FC531C}.RelWithDebInfo|x64.Build.0 = RelWithDebInfo|x64
		{57C96B59-7C7C-3A73-B9DB-D9529F13201B}.Debug|x64.ActiveCfg = Debug|x64
		{57C96B59-7C7C-3A73-B9DB-D9529F13201B}.Debug|x64.Build.0 = Debug|x64
		{57C96B59-7C7C-3A73-B9DB-D9529F13201B}.Release|x64.ActiveCfg = Release|x64
		{57C96B59-7C7C-3A73-B9DB-D9529F13201B}.Release|x64.Build.0 = Release|x64
		{57C96B59-7C7C-3A73-B9DB-D9529F13201B}.MinSizeRel|x64.ActiveCfg = MinSizeRel|x64
		{57C96B59-7C7C-3A73-B9DB-D9529F13201B}.MinSizeRel|x64.Build.0 = MinSizeRel|x64
		{57C96B59-7C7C-3A73-B9DB-D9529F13201B}.RelWithDebInfo|x64.ActiveCfg = RelWithDebInfo|x64
		{57C96B59-7C7C-3A73-B9DB-D9529F13201B}.RelWithDebInfo|x64.Build.0 = RelWithDebInfo|x64
		{E40D86CF-ED5C-3D0A-8F01-C688B24597FD}.Debug|x64.ActiveCfg = Debug|x64
		{E40D86CF-ED5C-3D0A-8F01-C688B24597FD}.Debug|x64.Build.0 = Debug|x64
		{E40D86CF-ED5C-3D0A-8F01-C688B24597FD}.Release|x64.ActiveCfg = Release|x64
		{E40D86CF-ED5C-3D0A-8F01-C688B24597FD}.Release|x64.Build.0 = Release|x64
		{E40D86CF-ED5C-3D0A-8F01-C688B24597FD}.MinSizeRel|x64.ActiveCfg = MinSizeRel|x64
		{E40D86CF-ED5C-3D0A-8F01-C688B24597FD}.MinSizeRel|x64.Build.0 = MinSizeRel|x64
		{E40D86CF-ED5C-3D0A-8F01-C688B24597FD}.RelWithDebInfo|x64.ActiveCfg = RelWithDebInfo|x64
		{E40D86CF-ED5C-3D0A-8F01-C688B24597FD}.RelWithDebInfo|x64.Build.0 = RelWithDebInfo|x64
		{E5DAF8EA-95C7-3E5F-B4CB-CBADD431E738}.Debug|x64.ActiveCfg = Debug|x64
		{E5DAF8EA-95C7-3E5F-B4CB-CBADD431E738}.Debug|x64.Build.0 = Debug|x64
		{E5DAF8EA-95C7-3E5F-B4CB-CBADD431E738}.Release|x64.ActiveCfg = Release|x64
		{E5DAF8EA-95C7-3E5F-B4CB-CBADD431E738}.Release|x64.Build.0 = Release|x64
		{E5DAF8EA-95C7-3E5F-B4CB-CBADD431E738}.MinSizeRel|x64.ActiveCfg = MinSizeRel|x64
		{E5DAF8EA-95C7-3E5F-B4CB-CBADD431E738}.MinSizeRel|x64.Build.0 = MinSizeRel|x64
		{E5DAF8EA-95C7-3E5F-B4CB-CBADD431E738}.RelWithDebInfo|x64.ActiveCfg = RelWithDebInfo|x64
		{E5DAF8EA-95C7-3E5F-B4CB-CBADD431E738}.RelWithDebInfo|x64.Build.0 = RelWithDebInfo|x64
		{A060AAE5-A743-3F64-8F04-DBB0A59D9D63}.Debug|x64.ActiveCfg = Debug|x64
		{A060AAE5-A743-3F64-8F04-DBB0A59D9D63}.Debug|x64.Build.0 = Debug|x64
		{A060AAE5-A743-3F64-8F04-DBB0A59D9D63}.Release|x64.ActiveCfg = Release|x64
		{A060AAE5-A743-3F64-8F04-DBB0A59D9D63}.Release|x64.Build.0 = Release|x64
		{A060AAE5-A743-3F64-8F04-DBB0A59D9D63}.MinSizeRel|x64.ActiveCfg = MinSizeRel|x64
		{A060AAE5-A743-3F64-8F04-DBB0A59D9D63}.MinSizeRel|x64.Build.0 = MinSizeRel|x64
		{A060AAE5-A743-3F64-8F04-DBB0A59D9D63}.RelWithDebInfo|x64.ActiveCfg = RelWithDebInfo|x64
		{A060AAE5-A743-3F64-8F04-DBB0A59D9D63}.RelWithDebInfo|x64.Build.0 = RelWithDebInfo|x64
		{373927BD-7AB8-3A7F-8FFE-1136CBA7FDEF}.Debug|x64.ActiveCfg = Debug|x64
		{373927BD-7AB8-3A7F-8FFE-1136CBA7FDEF}.Debug|x64.Build.0 = Debug|x64
		{373927BD-7AB8-3A7F-8FFE-1136CBA7FDEF}.Release|x64.ActiveCfg = Release|x64
		{373927BD-7AB8-3A7F-8FFE-1136CBA7FDEF}.Release|x64.Build.0 = Release|x64
		{373927BD-7AB8-3A7F-8FFE-1136CBA7FDEF}.MinSizeRel|x64.ActiveCfg = MinSizeRel|x64
		{373927BD-7AB8-3A7F-8FFE-1136CBA7FDEF}.MinSizeRel|x64.Build.0 = MinSizeRel|x64
		{373927BD-7AB8-3A7F-8FFE-1136CBA7FDEF}.RelWithDebInfo|x64.ActiveCfg = RelWithDebInfo|x64
		{373927BD-7AB8-3A7F-8FFE-1136CBA7FDEF}.RelWithDebInfo|x64.Build.0 = RelWithDebInfo|x64
		{5041DC36-CF7B-30E7-907D-673F6D776BAE}.Debug|x64.ActiveCfg = Debug|x64
		{5041DC36-CF7B-30E7-907D-673F6D776BAE}.Debug|x64.Build.0 = Debug|x64
		{5041DC36-CF7B-30E7-907D-673F6D776BAE}.Release|x64.ActiveCfg = Release|x64
		{5041DC36-CF7B-30E7-907D-673F6D776BAE}.Release|x64.Build.0 = Release|x64
		{5041DC36-CF7B-30E7-907D-673F6D776BAE}.MinSizeRel|x64.ActiveCfg = MinSizeRel|x64
		{5041DC36-CF7B-30E7-907D-673F6D776BAE}.MinSizeRel|x64.Build.0 = MinSizeRel|x64
		{5041DC36-CF7B-30E7-907D-673F6D776BAE}.RelWithDebInfo|x64.ActiveCfg = RelWithDebInfo|x64
		{5041DC36-CF7B-30E7-907D-673F6D776BAE}.RelWithDebInfo|x64.Build.0 = RelWithDebInfo|x64
	EndGlobalSection
	GlobalSection(ExtensibilityGlobals) = postSolution
		SolutionGuid = {A88E1333-2502-38DE-A6DF-DF8E4CE8EB1A}
	EndGlobalSection
	GlobalSection(ExtensibilityAddIns) = postSolution
	EndGlobalSection
EndGlobal
